// !$*UTF8*$!
{
	archiveVersion = 1;
	classes = {
	};
	objectVersion = 46;
	objects = {

/* Begin PBXBuildFile section */
		122A03F41ACA220F0086A2E4 /* FamiliesViewController.m in Sources */ = {isa = PBXBuildFile; fileRef = 122A03F31ACA220F0086A2E4 /* FamiliesViewController.m */; };
		122A03F81ACA27AC0086A2E4 /* Family.m in Sources */ = {isa = PBXBuildFile; fileRef = 122A03F71ACA27AC0086A2E4 /* Family.m */; };
		12559FCA1AEC37F800B94507 /* Dot.swift in Sources */ = {isa = PBXBuildFile; fileRef = 12559FC91AEC37F800B94507 /* Dot.swift */; };
		12559FCE1AEC392800B94507 /* PhotoViewController.swift in Sources */ = {isa = PBXBuildFile; fileRef = 12559FCC1AEC392800B94507 /* PhotoViewController.swift */; };
		12559FCF1AEC392800B94507 /* SetupViewController.swift in Sources */ = {isa = PBXBuildFile; fileRef = 12559FCD1AEC392800B94507 /* SetupViewController.swift */; };
		12677ECD1AFD73F500211445 /* DetailPhotoTableViewCell.m in Sources */ = {isa = PBXBuildFile; fileRef = 12677ECC1AFD73F500211445 /* DetailPhotoTableViewCell.m */; };
		1269E1B61AE1D049008A4002 /* Cell.m in Sources */ = {isa = PBXBuildFile; fileRef = 1269E1B51AE1D049008A4002 /* Cell.m */; };
		1269E1B91AE1DCEB008A4002 /* HeaderClass.m in Sources */ = {isa = PBXBuildFile; fileRef = 1269E1B81AE1DCEB008A4002 /* HeaderClass.m */; };
		1269E1BC1AE1E27E008A4002 /* PlantViewController.m in Sources */ = {isa = PBXBuildFile; fileRef = 1269E1BB1AE1E27E008A4002 /* PlantViewController.m */; };
		1269E1BF1AE1E3C8008A4002 /* Plant.m in Sources */ = {isa = PBXBuildFile; fileRef = 1269E1BE1AE1E3C8008A4002 /* Plant.m */; };
		12D7E7B61AD9B3BB00B93F13 /* AVFoundation.framework in Frameworks */ = {isa = PBXBuildFile; fileRef = 12D7E7B51AD9B3BB00B93F13 /* AVFoundation.framework */; };
		12D7E7B81AD9B3C200B93F13 /* CoreData.framework in Frameworks */ = {isa = PBXBuildFile; fileRef = 12D7E7B71AD9B3C200B93F13 /* CoreData.framework */; };
		12D7E7BA1AD9B3C800B93F13 /* CoreLocation.framework in Frameworks */ = {isa = PBXBuildFile; fileRef = 12D7E7B91AD9B3C800B93F13 /* CoreLocation.framework */; };
		12D7E7BC1AD9B3D700B93F13 /* CoreText.framework in Frameworks */ = {isa = PBXBuildFile; fileRef = 12D7E7BB1AD9B3D700B93F13 /* CoreText.framework */; };
		12D7E7BE1AD9B3DE00B93F13 /* GLKit.framework in Frameworks */ = {isa = PBXBuildFile; fileRef = 12D7E7BD1AD9B3DE00B93F13 /* GLKit.framework */; };
		12D7E7C01AD9B3E500B93F13 /* ImageIO.framework in Frameworks */ = {isa = PBXBuildFile; fileRef = 12D7E7BF1AD9B3E500B93F13 /* ImageIO.framework */; };
		12D7E7C21AD9B3F800B93F13 /* libc++.dylib in Frameworks */ = {isa = PBXBuildFile; fileRef = 12D7E7C11AD9B3F800B93F13 /* libc++.dylib */; };
		12D7E7C41AD9B40300B93F13 /* libicucore.dylib in Frameworks */ = {isa = PBXBuildFile; fileRef = 12D7E7C31AD9B40300B93F13 /* libicucore.dylib */; };
		12D7E7C61AD9B40B00B93F13 /* libz.dylib in Frameworks */ = {isa = PBXBuildFile; fileRef = 12D7E7C51AD9B40B00B93F13 /* libz.dylib */; };
		12D7E7C81AD9B41800B93F13 /* OpenGLES.framework in Frameworks */ = {isa = PBXBuildFile; fileRef = 12D7E7C71AD9B41800B93F13 /* OpenGLES.framework */; };
		12D7E7CA1AD9B41F00B93F13 /* QuartzCore.framework in Frameworks */ = {isa = PBXBuildFile; fileRef = 12D7E7C91AD9B41F00B93F13 /* QuartzCore.framework */; };
		12D7E7CC1AD9B4AE00B93F13 /* SystemConfiguration.framework in Frameworks */ = {isa = PBXBuildFile; fileRef = 12D7E7CB1AD9B4AE00B93F13 /* SystemConfiguration.framework */; };
		12D7E7D31AD9BC3200B93F13 /* CampusMapViewController.m in Sources */ = {isa = PBXBuildFile; fileRef = 12D7E7CF1AD9B5C100B93F13 /* CampusMapViewController.m */; };
		12DA4BA71ADC7E60006DFD91 /* AFHTTPRequestOperation.m in Sources */ = {isa = PBXBuildFile; fileRef = 12DA4B831ADC7E60006DFD91 /* AFHTTPRequestOperation.m */; };
		12DA4BA81ADC7E60006DFD91 /* AFHTTPRequestOperationManager.m in Sources */ = {isa = PBXBuildFile; fileRef = 12DA4B851ADC7E60006DFD91 /* AFHTTPRequestOperationManager.m */; };
		12DA4BA91ADC7E60006DFD91 /* AFHTTPSessionManager.m in Sources */ = {isa = PBXBuildFile; fileRef = 12DA4B871ADC7E60006DFD91 /* AFHTTPSessionManager.m */; };
		12DA4BAA1ADC7E60006DFD91 /* AFNetworkReachabilityManager.m in Sources */ = {isa = PBXBuildFile; fileRef = 12DA4B8A1ADC7E60006DFD91 /* AFNetworkReachabilityManager.m */; };
		12DA4BAB1ADC7E60006DFD91 /* AFSecurityPolicy.m in Sources */ = {isa = PBXBuildFile; fileRef = 12DA4B8C1ADC7E60006DFD91 /* AFSecurityPolicy.m */; };
		12DA4BAC1ADC7E60006DFD91 /* AFURLConnectionOperation.m in Sources */ = {isa = PBXBuildFile; fileRef = 12DA4B8E1ADC7E60006DFD91 /* AFURLConnectionOperation.m */; };
		12DA4BAD1ADC7E60006DFD91 /* AFURLRequestSerialization.m in Sources */ = {isa = PBXBuildFile; fileRef = 12DA4B901ADC7E60006DFD91 /* AFURLRequestSerialization.m */; };
		12DA4BAE1ADC7E60006DFD91 /* AFURLResponseSerialization.m in Sources */ = {isa = PBXBuildFile; fileRef = 12DA4B921ADC7E60006DFD91 /* AFURLResponseSerialization.m */; };
		12DA4BAF1ADC7E60006DFD91 /* AFURLSessionManager.m in Sources */ = {isa = PBXBuildFile; fileRef = 12DA4B941ADC7E60006DFD91 /* AFURLSessionManager.m */; };
		12DA4BB01ADC7E60006DFD91 /* AFNetworkActivityIndicatorManager.m in Sources */ = {isa = PBXBuildFile; fileRef = 12DA4B971ADC7E60006DFD91 /* AFNetworkActivityIndicatorManager.m */; };
		12DA4BB11ADC7E60006DFD91 /* UIActivityIndicatorView+AFNetworking.m in Sources */ = {isa = PBXBuildFile; fileRef = 12DA4B991ADC7E60006DFD91 /* UIActivityIndicatorView+AFNetworking.m */; };
		12DA4BB21ADC7E60006DFD91 /* UIAlertView+AFNetworking.m in Sources */ = {isa = PBXBuildFile; fileRef = 12DA4B9B1ADC7E60006DFD91 /* UIAlertView+AFNetworking.m */; };
		12DA4BB31ADC7E60006DFD91 /* UIButton+AFNetworking.m in Sources */ = {isa = PBXBuildFile; fileRef = 12DA4B9D1ADC7E60006DFD91 /* UIButton+AFNetworking.m */; };
		12DA4BB41ADC7E60006DFD91 /* UIImageView+AFNetworking.m in Sources */ = {isa = PBXBuildFile; fileRef = 12DA4B9F1ADC7E60006DFD91 /* UIImageView+AFNetworking.m */; };
		12DA4BB51ADC7E60006DFD91 /* UIProgressView+AFNetworking.m in Sources */ = {isa = PBXBuildFile; fileRef = 12DA4BA21ADC7E60006DFD91 /* UIProgressView+AFNetworking.m */; };
		12DA4BB61ADC7E60006DFD91 /* UIRefreshControl+AFNetworking.m in Sources */ = {isa = PBXBuildFile; fileRef = 12DA4BA41ADC7E60006DFD91 /* UIRefreshControl+AFNetworking.m */; };
		12DA4BB71ADC7E60006DFD91 /* UIWebView+AFNetworking.m in Sources */ = {isa = PBXBuildFile; fileRef = 12DA4BA61ADC7E60006DFD91 /* UIWebView+AFNetworking.m */; };
		12E00B4C1AF0511200CA66AE /* InfoWindow.xib in Resources */ = {isa = PBXBuildFile; fileRef = 12E00B4B1AF0511200CA66AE /* InfoWindow.xib */; };
		12E00B521AF0549F00CA66AE /* CustomInfoWindow.m in Sources */ = {isa = PBXBuildFile; fileRef = 12E00B511AF0549F00CA66AE /* CustomInfoWindow.m */; };
		12ED243E1AE1B5770058B003 /* Specie.m in Sources */ = {isa = PBXBuildFile; fileRef = 12ED243D1AE1B5770058B003 /* Specie.m */; };
		202DF9361ACBA265002FABB4 /* GendersViewController.m in Sources */ = {isa = PBXBuildFile; fileRef = 202DF9351ACBA265002FABB4 /* GendersViewController.m */; };
		2036FF0A1AF6B384003CD1EE /* DetailPhotoViewController.m in Sources */ = {isa = PBXBuildFile; fileRef = 2036FF091AF6B384003CD1EE /* DetailPhotoViewController.m */; };
		203908091AD1DF59009E87EF /* SpeciesViewController.m in Sources */ = {isa = PBXBuildFile; fileRef = 203908081AD1DF59009E87EF /* SpeciesViewController.m */; };
		204B4B0E1AEDC9B600218B32 /* SearchMapTableViewController.m in Sources */ = {isa = PBXBuildFile; fileRef = 204B4B0D1AEDC9B600218B32 /* SearchMapTableViewController.m */; };
		205121C81AD0E5AE00D2FCD3 /* Gender.m in Sources */ = {isa = PBXBuildFile; fileRef = 205121C71AD0E5AE00D2FCD3 /* Gender.m */; };
		9BDE01D61ADDB7FE00EEA7AE /* GoogleMaps.framework in Frameworks */ = {isa = PBXBuildFile; fileRef = 9BDE01D51ADDB7FE00EEA7AE /* GoogleMaps.framework */; };
		9BDE01D81ADDB85800EEA7AE /* GoogleMaps.bundle in Resources */ = {isa = PBXBuildFile; fileRef = 9BDE01D71ADDB85800EEA7AE /* GoogleMaps.bundle */; };
		CCE740251A9FE8ED007374C4 /* main.m in Sources */ = {isa = PBXBuildFile; fileRef = CCE740241A9FE8ED007374C4 /* main.m */; };
		CCE740281A9FE8ED007374C4 /* AppDelegate.m in Sources */ = {isa = PBXBuildFile; fileRef = CCE740271A9FE8ED007374C4 /* AppDelegate.m */; };
		CCE7402B1A9FE8ED007374C4 /* ViewController.m in Sources */ = {isa = PBXBuildFile; fileRef = CCE7402A1A9FE8ED007374C4 /* ViewController.m */; };
		CCE7402E1A9FE8ED007374C4 /* Main.storyboard in Resources */ = {isa = PBXBuildFile; fileRef = CCE7402C1A9FE8ED007374C4 /* Main.storyboard */; };
		CCE740301A9FE8ED007374C4 /* Images.xcassets in Resources */ = {isa = PBXBuildFile; fileRef = CCE7402F1A9FE8ED007374C4 /* Images.xcassets */; };
		CCE740331A9FE8ED007374C4 /* LaunchScreen.xib in Resources */ = {isa = PBXBuildFile; fileRef = CCE740311A9FE8ED007374C4 /* LaunchScreen.xib */; };
		CCE7403F1A9FE8ED007374C4 /* GUI_Catalogo_de_plantasTests.m in Sources */ = {isa = PBXBuildFile; fileRef = CCE7403E1A9FE8ED007374C4 /* GUI_Catalogo_de_plantasTests.m */; };
/* End PBXBuildFile section */

/* Begin PBXContainerItemProxy section */
		CCE740391A9FE8ED007374C4 /* PBXContainerItemProxy */ = {
			isa = PBXContainerItemProxy;
			containerPortal = CCE740171A9FE8EC007374C4 /* Project object */;
			proxyType = 1;
			remoteGlobalIDString = CCE7401E1A9FE8EC007374C4;
			remoteInfo = "GUI Catalogo de plantas";
		};
/* End PBXContainerItemProxy section */

/* Begin PBXFileReference section */
		122A03F21ACA220F0086A2E4 /* FamiliesViewController.h */ = {isa = PBXFileReference; fileEncoding = 4; lastKnownFileType = sourcecode.c.h; path = FamiliesViewController.h; sourceTree = "<group>"; };
		122A03F31ACA220F0086A2E4 /* FamiliesViewController.m */ = {isa = PBXFileReference; fileEncoding = 4; lastKnownFileType = sourcecode.c.objc; path = FamiliesViewController.m; sourceTree = "<group>"; };
		122A03F61ACA27AC0086A2E4 /* Family.h */ = {isa = PBXFileReference; fileEncoding = 4; lastKnownFileType = sourcecode.c.h; path = Family.h; sourceTree = "<group>"; };
		122A03F71ACA27AC0086A2E4 /* Family.m */ = {isa = PBXFileReference; fileEncoding = 4; lastKnownFileType = sourcecode.c.objc; path = Family.m; sourceTree = "<group>"; };
		12559FC91AEC37F800B94507 /* Dot.swift */ = {isa = PBXFileReference; fileEncoding = 4; lastKnownFileType = sourcecode.swift; path = Dot.swift; sourceTree = "<group>"; };
		12559FCB1AEC383C00B94507 /* GUI Catalogo de plantas-Bridging-Header.h */ = {isa = PBXFileReference; fileEncoding = 4; lastKnownFileType = sourcecode.c.h; path = "GUI Catalogo de plantas-Bridging-Header.h"; sourceTree = "<group>"; };
		12559FCC1AEC392800B94507 /* PhotoViewController.swift */ = {isa = PBXFileReference; fileEncoding = 4; lastKnownFileType = sourcecode.swift; path = PhotoViewController.swift; sourceTree = "<group>"; };
		12559FCD1AEC392800B94507 /* SetupViewController.swift */ = {isa = PBXFileReference; fileEncoding = 4; lastKnownFileType = sourcecode.swift; path = SetupViewController.swift; sourceTree = "<group>"; };
		12677ECB1AFD73F500211445 /* DetailPhotoTableViewCell.h */ = {isa = PBXFileReference; fileEncoding = 4; lastKnownFileType = sourcecode.c.h; path = DetailPhotoTableViewCell.h; sourceTree = "<group>"; };
		12677ECC1AFD73F500211445 /* DetailPhotoTableViewCell.m */ = {isa = PBXFileReference; fileEncoding = 4; lastKnownFileType = sourcecode.c.objc; path = DetailPhotoTableViewCell.m; sourceTree = "<group>"; };
		1269E1B41AE1D049008A4002 /* Cell.h */ = {isa = PBXFileReference; fileEncoding = 4; lastKnownFileType = sourcecode.c.h; path = Cell.h; sourceTree = "<group>"; };
		1269E1B51AE1D049008A4002 /* Cell.m */ = {isa = PBXFileReference; fileEncoding = 4; lastKnownFileType = sourcecode.c.objc; path = Cell.m; sourceTree = "<group>"; };
		1269E1B71AE1DCEB008A4002 /* HeaderClass.h */ = {isa = PBXFileReference; fileEncoding = 4; lastKnownFileType = sourcecode.c.h; path = HeaderClass.h; sourceTree = "<group>"; };
		1269E1B81AE1DCEB008A4002 /* HeaderClass.m */ = {isa = PBXFileReference; fileEncoding = 4; lastKnownFileType = sourcecode.c.objc; path = HeaderClass.m; sourceTree = "<group>"; };
		1269E1BA1AE1E27E008A4002 /* PlantViewController.h */ = {isa = PBXFileReference; fileEncoding = 4; lastKnownFileType = sourcecode.c.h; path = PlantViewController.h; sourceTree = "<group>"; };
		1269E1BB1AE1E27E008A4002 /* PlantViewController.m */ = {isa = PBXFileReference; fileEncoding = 4; lastKnownFileType = sourcecode.c.objc; path = PlantViewController.m; sourceTree = "<group>"; };
		1269E1BD1AE1E3C8008A4002 /* Plant.h */ = {isa = PBXFileReference; fileEncoding = 4; lastKnownFileType = sourcecode.c.h; path = Plant.h; sourceTree = "<group>"; };
		1269E1BE1AE1E3C8008A4002 /* Plant.m */ = {isa = PBXFileReference; fileEncoding = 4; lastKnownFileType = sourcecode.c.objc; path = Plant.m; sourceTree = "<group>"; };
		12D7E7B51AD9B3BB00B93F13 /* AVFoundation.framework */ = {isa = PBXFileReference; lastKnownFileType = wrapper.framework; name = AVFoundation.framework; path = System/Library/Frameworks/AVFoundation.framework; sourceTree = SDKROOT; };
		12D7E7B71AD9B3C200B93F13 /* CoreData.framework */ = {isa = PBXFileReference; lastKnownFileType = wrapper.framework; name = CoreData.framework; path = System/Library/Frameworks/CoreData.framework; sourceTree = SDKROOT; };
		12D7E7B91AD9B3C800B93F13 /* CoreLocation.framework */ = {isa = PBXFileReference; lastKnownFileType = wrapper.framework; name = CoreLocation.framework; path = System/Library/Frameworks/CoreLocation.framework; sourceTree = SDKROOT; };
		12D7E7BB1AD9B3D700B93F13 /* CoreText.framework */ = {isa = PBXFileReference; lastKnownFileType = wrapper.framework; name = CoreText.framework; path = System/Library/Frameworks/CoreText.framework; sourceTree = SDKROOT; };
		12D7E7BD1AD9B3DE00B93F13 /* GLKit.framework */ = {isa = PBXFileReference; lastKnownFileType = wrapper.framework; name = GLKit.framework; path = System/Library/Frameworks/GLKit.framework; sourceTree = SDKROOT; };
		12D7E7BF1AD9B3E500B93F13 /* ImageIO.framework */ = {isa = PBXFileReference; lastKnownFileType = wrapper.framework; name = ImageIO.framework; path = System/Library/Frameworks/ImageIO.framework; sourceTree = SDKROOT; };
		12D7E7C11AD9B3F800B93F13 /* libc++.dylib */ = {isa = PBXFileReference; lastKnownFileType = "compiled.mach-o.dylib"; name = "libc++.dylib"; path = "usr/lib/libc++.dylib"; sourceTree = SDKROOT; };
		12D7E7C31AD9B40300B93F13 /* libicucore.dylib */ = {isa = PBXFileReference; lastKnownFileType = "compiled.mach-o.dylib"; name = libicucore.dylib; path = usr/lib/libicucore.dylib; sourceTree = SDKROOT; };
		12D7E7C51AD9B40B00B93F13 /* libz.dylib */ = {isa = PBXFileReference; lastKnownFileType = "compiled.mach-o.dylib"; name = libz.dylib; path = usr/lib/libz.dylib; sourceTree = SDKROOT; };
		12D7E7C71AD9B41800B93F13 /* OpenGLES.framework */ = {isa = PBXFileReference; lastKnownFileType = wrapper.framework; name = OpenGLES.framework; path = System/Library/Frameworks/OpenGLES.framework; sourceTree = SDKROOT; };
		12D7E7C91AD9B41F00B93F13 /* QuartzCore.framework */ = {isa = PBXFileReference; lastKnownFileType = wrapper.framework; name = QuartzCore.framework; path = System/Library/Frameworks/QuartzCore.framework; sourceTree = SDKROOT; };
		12D7E7CB1AD9B4AE00B93F13 /* SystemConfiguration.framework */ = {isa = PBXFileReference; lastKnownFileType = wrapper.framework; name = SystemConfiguration.framework; path = System/Library/Frameworks/SystemConfiguration.framework; sourceTree = SDKROOT; };
		12D7E7CE1AD9B5C100B93F13 /* CampusMapViewController.h */ = {isa = PBXFileReference; fileEncoding = 4; lastKnownFileType = sourcecode.c.h; path = CampusMapViewController.h; sourceTree = "<group>"; };
		12D7E7CF1AD9B5C100B93F13 /* CampusMapViewController.m */ = {isa = PBXFileReference; fileEncoding = 4; lastKnownFileType = sourcecode.c.objc; path = CampusMapViewController.m; sourceTree = "<group>"; };
		12DA4B821ADC7E60006DFD91 /* AFHTTPRequestOperation.h */ = {isa = PBXFileReference; fileEncoding = 4; lastKnownFileType = sourcecode.c.h; path = AFHTTPRequestOperation.h; sourceTree = "<group>"; };
		12DA4B831ADC7E60006DFD91 /* AFHTTPRequestOperation.m */ = {isa = PBXFileReference; fileEncoding = 4; lastKnownFileType = sourcecode.c.objc; path = AFHTTPRequestOperation.m; sourceTree = "<group>"; };
		12DA4B841ADC7E60006DFD91 /* AFHTTPRequestOperationManager.h */ = {isa = PBXFileReference; fileEncoding = 4; lastKnownFileType = sourcecode.c.h; path = AFHTTPRequestOperationManager.h; sourceTree = "<group>"; };
		12DA4B851ADC7E60006DFD91 /* AFHTTPRequestOperationManager.m */ = {isa = PBXFileReference; fileEncoding = 4; lastKnownFileType = sourcecode.c.objc; path = AFHTTPRequestOperationManager.m; sourceTree = "<group>"; };
		12DA4B861ADC7E60006DFD91 /* AFHTTPSessionManager.h */ = {isa = PBXFileReference; fileEncoding = 4; lastKnownFileType = sourcecode.c.h; path = AFHTTPSessionManager.h; sourceTree = "<group>"; };
		12DA4B871ADC7E60006DFD91 /* AFHTTPSessionManager.m */ = {isa = PBXFileReference; fileEncoding = 4; lastKnownFileType = sourcecode.c.objc; path = AFHTTPSessionManager.m; sourceTree = "<group>"; };
		12DA4B881ADC7E60006DFD91 /* AFNetworking.h */ = {isa = PBXFileReference; fileEncoding = 4; lastKnownFileType = sourcecode.c.h; path = AFNetworking.h; sourceTree = "<group>"; };
		12DA4B891ADC7E60006DFD91 /* AFNetworkReachabilityManager.h */ = {isa = PBXFileReference; fileEncoding = 4; lastKnownFileType = sourcecode.c.h; path = AFNetworkReachabilityManager.h; sourceTree = "<group>"; };
		12DA4B8A1ADC7E60006DFD91 /* AFNetworkReachabilityManager.m */ = {isa = PBXFileReference; fileEncoding = 4; lastKnownFileType = sourcecode.c.objc; path = AFNetworkReachabilityManager.m; sourceTree = "<group>"; };
		12DA4B8B1ADC7E60006DFD91 /* AFSecurityPolicy.h */ = {isa = PBXFileReference; fileEncoding = 4; lastKnownFileType = sourcecode.c.h; path = AFSecurityPolicy.h; sourceTree = "<group>"; };
		12DA4B8C1ADC7E60006DFD91 /* AFSecurityPolicy.m */ = {isa = PBXFileReference; fileEncoding = 4; lastKnownFileType = sourcecode.c.objc; path = AFSecurityPolicy.m; sourceTree = "<group>"; };
		12DA4B8D1ADC7E60006DFD91 /* AFURLConnectionOperation.h */ = {isa = PBXFileReference; fileEncoding = 4; lastKnownFileType = sourcecode.c.h; path = AFURLConnectionOperation.h; sourceTree = "<group>"; };
		12DA4B8E1ADC7E60006DFD91 /* AFURLConnectionOperation.m */ = {isa = PBXFileReference; fileEncoding = 4; lastKnownFileType = sourcecode.c.objc; path = AFURLConnectionOperation.m; sourceTree = "<group>"; };
		12DA4B8F1ADC7E60006DFD91 /* AFURLRequestSerialization.h */ = {isa = PBXFileReference; fileEncoding = 4; lastKnownFileType = sourcecode.c.h; path = AFURLRequestSerialization.h; sourceTree = "<group>"; };
		12DA4B901ADC7E60006DFD91 /* AFURLRequestSerialization.m */ = {isa = PBXFileReference; fileEncoding = 4; lastKnownFileType = sourcecode.c.objc; path = AFURLRequestSerialization.m; sourceTree = "<group>"; };
		12DA4B911ADC7E60006DFD91 /* AFURLResponseSerialization.h */ = {isa = PBXFileReference; fileEncoding = 4; lastKnownFileType = sourcecode.c.h; path = AFURLResponseSerialization.h; sourceTree = "<group>"; };
		12DA4B921ADC7E60006DFD91 /* AFURLResponseSerialization.m */ = {isa = PBXFileReference; fileEncoding = 4; lastKnownFileType = sourcecode.c.objc; path = AFURLResponseSerialization.m; sourceTree = "<group>"; };
		12DA4B931ADC7E60006DFD91 /* AFURLSessionManager.h */ = {isa = PBXFileReference; fileEncoding = 4; lastKnownFileType = sourcecode.c.h; path = AFURLSessionManager.h; sourceTree = "<group>"; };
		12DA4B941ADC7E60006DFD91 /* AFURLSessionManager.m */ = {isa = PBXFileReference; fileEncoding = 4; lastKnownFileType = sourcecode.c.objc; path = AFURLSessionManager.m; sourceTree = "<group>"; };
		12DA4B961ADC7E60006DFD91 /* AFNetworkActivityIndicatorManager.h */ = {isa = PBXFileReference; fileEncoding = 4; lastKnownFileType = sourcecode.c.h; path = AFNetworkActivityIndicatorManager.h; sourceTree = "<group>"; };
		12DA4B971ADC7E60006DFD91 /* AFNetworkActivityIndicatorManager.m */ = {isa = PBXFileReference; fileEncoding = 4; lastKnownFileType = sourcecode.c.objc; path = AFNetworkActivityIndicatorManager.m; sourceTree = "<group>"; };
		12DA4B981ADC7E60006DFD91 /* UIActivityIndicatorView+AFNetworking.h */ = {isa = PBXFileReference; fileEncoding = 4; lastKnownFileType = sourcecode.c.h; path = "UIActivityIndicatorView+AFNetworking.h"; sourceTree = "<group>"; };
		12DA4B991ADC7E60006DFD91 /* UIActivityIndicatorView+AFNetworking.m */ = {isa = PBXFileReference; fileEncoding = 4; lastKnownFileType = sourcecode.c.objc; path = "UIActivityIndicatorView+AFNetworking.m"; sourceTree = "<group>"; };
		12DA4B9A1ADC7E60006DFD91 /* UIAlertView+AFNetworking.h */ = {isa = PBXFileReference; fileEncoding = 4; lastKnownFileType = sourcecode.c.h; path = "UIAlertView+AFNetworking.h"; sourceTree = "<group>"; };
		12DA4B9B1ADC7E60006DFD91 /* UIAlertView+AFNetworking.m */ = {isa = PBXFileReference; fileEncoding = 4; lastKnownFileType = sourcecode.c.objc; path = "UIAlertView+AFNetworking.m"; sourceTree = "<group>"; };
		12DA4B9C1ADC7E60006DFD91 /* UIButton+AFNetworking.h */ = {isa = PBXFileReference; fileEncoding = 4; lastKnownFileType = sourcecode.c.h; path = "UIButton+AFNetworking.h"; sourceTree = "<group>"; };
		12DA4B9D1ADC7E60006DFD91 /* UIButton+AFNetworking.m */ = {isa = PBXFileReference; fileEncoding = 4; lastKnownFileType = sourcecode.c.objc; path = "UIButton+AFNetworking.m"; sourceTree = "<group>"; };
		12DA4B9E1ADC7E60006DFD91 /* UIImageView+AFNetworking.h */ = {isa = PBXFileReference; fileEncoding = 4; lastKnownFileType = sourcecode.c.h; path = "UIImageView+AFNetworking.h"; sourceTree = "<group>"; };
		12DA4B9F1ADC7E60006DFD91 /* UIImageView+AFNetworking.m */ = {isa = PBXFileReference; fileEncoding = 4; lastKnownFileType = sourcecode.c.objc; path = "UIImageView+AFNetworking.m"; sourceTree = "<group>"; };
		12DA4BA01ADC7E60006DFD91 /* UIKit+AFNetworking.h */ = {isa = PBXFileReference; fileEncoding = 4; lastKnownFileType = sourcecode.c.h; path = "UIKit+AFNetworking.h"; sourceTree = "<group>"; };
		12DA4BA11ADC7E60006DFD91 /* UIProgressView+AFNetworking.h */ = {isa = PBXFileReference; fileEncoding = 4; lastKnownFileType = sourcecode.c.h; path = "UIProgressView+AFNetworking.h"; sourceTree = "<group>"; };
		12DA4BA21ADC7E60006DFD91 /* UIProgressView+AFNetworking.m */ = {isa = PBXFileReference; fileEncoding = 4; lastKnownFileType = sourcecode.c.objc; path = "UIProgressView+AFNetworking.m"; sourceTree = "<group>"; };
		12DA4BA31ADC7E60006DFD91 /* UIRefreshControl+AFNetworking.h */ = {isa = PBXFileReference; fileEncoding = 4; lastKnownFileType = sourcecode.c.h; path = "UIRefreshControl+AFNetworking.h"; sourceTree = "<group>"; };
		12DA4BA41ADC7E60006DFD91 /* UIRefreshControl+AFNetworking.m */ = {isa = PBXFileReference; fileEncoding = 4; lastKnownFileType = sourcecode.c.objc; path = "UIRefreshControl+AFNetworking.m"; sourceTree = "<group>"; };
		12DA4BA51ADC7E60006DFD91 /* UIWebView+AFNetworking.h */ = {isa = PBXFileReference; fileEncoding = 4; lastKnownFileType = sourcecode.c.h; path = "UIWebView+AFNetworking.h"; sourceTree = "<group>"; };
		12DA4BA61ADC7E60006DFD91 /* UIWebView+AFNetworking.m */ = {isa = PBXFileReference; fileEncoding = 4; lastKnownFileType = sourcecode.c.objc; path = "UIWebView+AFNetworking.m"; sourceTree = "<group>"; };
		12E00B4B1AF0511200CA66AE /* InfoWindow.xib */ = {isa = PBXFileReference; fileEncoding = 4; lastKnownFileType = file.xib; path = InfoWindow.xib; sourceTree = "<group>"; };
		12E00B501AF0549F00CA66AE /* CustomInfoWindow.h */ = {isa = PBXFileReference; fileEncoding = 4; lastKnownFileType = sourcecode.c.h; path = CustomInfoWindow.h; sourceTree = "<group>"; };
		12E00B511AF0549F00CA66AE /* CustomInfoWindow.m */ = {isa = PBXFileReference; fileEncoding = 4; lastKnownFileType = sourcecode.c.objc; path = CustomInfoWindow.m; sourceTree = "<group>"; };
		12ED243C1AE1B5770058B003 /* Specie.h */ = {isa = PBXFileReference; fileEncoding = 4; lastKnownFileType = sourcecode.c.h; path = Specie.h; sourceTree = "<group>"; };
		12ED243D1AE1B5770058B003 /* Specie.m */ = {isa = PBXFileReference; fileEncoding = 4; lastKnownFileType = sourcecode.c.objc; path = Specie.m; sourceTree = "<group>"; };
		202DF9341ACBA265002FABB4 /* GendersViewController.h */ = {isa = PBXFileReference; fileEncoding = 4; lastKnownFileType = sourcecode.c.h; path = GendersViewController.h; sourceTree = "<group>"; };
		202DF9351ACBA265002FABB4 /* GendersViewController.m */ = {isa = PBXFileReference; fileEncoding = 4; lastKnownFileType = sourcecode.c.objc; path = GendersViewController.m; sourceTree = "<group>"; };
		2036FF081AF6B383003CD1EE /* DetailPhotoViewController.h */ = {isa = PBXFileReference; fileEncoding = 4; lastKnownFileType = sourcecode.c.h; path = DetailPhotoViewController.h; sourceTree = "<group>"; };
		2036FF091AF6B384003CD1EE /* DetailPhotoViewController.m */ = {isa = PBXFileReference; fileEncoding = 4; lastKnownFileType = sourcecode.c.objc; path = DetailPhotoViewController.m; sourceTree = "<group>"; };
		203908071AD1DF59009E87EF /* SpeciesViewController.h */ = {isa = PBXFileReference; fileEncoding = 4; lastKnownFileType = sourcecode.c.h; path = SpeciesViewController.h; sourceTree = "<group>"; };
		203908081AD1DF59009E87EF /* SpeciesViewController.m */ = {isa = PBXFileReference; fileEncoding = 4; lastKnownFileType = sourcecode.c.objc; path = SpeciesViewController.m; sourceTree = "<group>"; };
		204B4B0C1AEDC9B500218B32 /* SearchMapTableViewController.h */ = {isa = PBXFileReference; fileEncoding = 4; lastKnownFileType = sourcecode.c.h; path = SearchMapTableViewController.h; sourceTree = "<group>"; };
		204B4B0D1AEDC9B600218B32 /* SearchMapTableViewController.m */ = {isa = PBXFileReference; fileEncoding = 4; lastKnownFileType = sourcecode.c.objc; path = SearchMapTableViewController.m; sourceTree = "<group>"; };
		205121C61AD0E5AE00D2FCD3 /* Gender.h */ = {isa = PBXFileReference; fileEncoding = 4; lastKnownFileType = sourcecode.c.h; path = Gender.h; sourceTree = "<group>"; };
		205121C71AD0E5AE00D2FCD3 /* Gender.m */ = {isa = PBXFileReference; fileEncoding = 4; lastKnownFileType = sourcecode.c.objc; path = Gender.m; sourceTree = "<group>"; };
		9BDE01D51ADDB7FE00EEA7AE /* GoogleMaps.framework */ = {isa = PBXFileReference; lastKnownFileType = wrapper.framework; path = GoogleMaps.framework; sourceTree = "<group>"; };
		9BDE01D71ADDB85800EEA7AE /* GoogleMaps.bundle */ = {isa = PBXFileReference; lastKnownFileType = "wrapper.plug-in"; name = GoogleMaps.bundle; path = GoogleMaps.framework/Versions/A/Resources/GoogleMaps.bundle; sourceTree = "<group>"; };
		CCE7401F1A9FE8EC007374C4 /* GUI Catalogo de plantas.app */ = {isa = PBXFileReference; explicitFileType = wrapper.application; includeInIndex = 0; path = "GUI Catalogo de plantas.app"; sourceTree = BUILT_PRODUCTS_DIR; };
		CCE740231A9FE8ED007374C4 /* Info.plist */ = {isa = PBXFileReference; lastKnownFileType = text.plist.xml; path = Info.plist; sourceTree = "<group>"; };
		CCE740241A9FE8ED007374C4 /* main.m */ = {isa = PBXFileReference; lastKnownFileType = sourcecode.c.objc; path = main.m; sourceTree = "<group>"; };
		CCE740261A9FE8ED007374C4 /* AppDelegate.h */ = {isa = PBXFileReference; lastKnownFileType = sourcecode.c.h; path = AppDelegate.h; sourceTree = "<group>"; };
		CCE740271A9FE8ED007374C4 /* AppDelegate.m */ = {isa = PBXFileReference; lastKnownFileType = sourcecode.c.objc; path = AppDelegate.m; sourceTree = "<group>"; };
		CCE740291A9FE8ED007374C4 /* ViewController.h */ = {isa = PBXFileReference; lastKnownFileType = sourcecode.c.h; path = ViewController.h; sourceTree = "<group>"; };
		CCE7402A1A9FE8ED007374C4 /* ViewController.m */ = {isa = PBXFileReference; lastKnownFileType = sourcecode.c.objc; path = ViewController.m; sourceTree = "<group>"; };
		CCE7402D1A9FE8ED007374C4 /* Base */ = {isa = PBXFileReference; lastKnownFileType = file.storyboard; name = Base; path = Base.lproj/Main.storyboard; sourceTree = "<group>"; };
		CCE7402F1A9FE8ED007374C4 /* Images.xcassets */ = {isa = PBXFileReference; lastKnownFileType = folder.assetcatalog; path = Images.xcassets; sourceTree = "<group>"; };
		CCE740321A9FE8ED007374C4 /* Base */ = {isa = PBXFileReference; lastKnownFileType = file.xib; name = Base; path = Base.lproj/LaunchScreen.xib; sourceTree = "<group>"; };
		CCE740381A9FE8ED007374C4 /* GUI Catalogo de plantasTests.xctest */ = {isa = PBXFileReference; explicitFileType = wrapper.cfbundle; includeInIndex = 0; path = "GUI Catalogo de plantasTests.xctest"; sourceTree = BUILT_PRODUCTS_DIR; };
		CCE7403D1A9FE8ED007374C4 /* Info.plist */ = {isa = PBXFileReference; lastKnownFileType = text.plist.xml; path = Info.plist; sourceTree = "<group>"; };
		CCE7403E1A9FE8ED007374C4 /* GUI_Catalogo_de_plantasTests.m */ = {isa = PBXFileReference; lastKnownFileType = sourcecode.c.objc; path = GUI_Catalogo_de_plantasTests.m; sourceTree = "<group>"; };
/* End PBXFileReference section */

/* Begin PBXFrameworksBuildPhase section */
		CCE7401C1A9FE8EC007374C4 /* Frameworks */ = {
			isa = PBXFrameworksBuildPhase;
			buildActionMask = 2147483647;
			files = (
				9BDE01D61ADDB7FE00EEA7AE /* GoogleMaps.framework in Frameworks */,
				12D7E7CC1AD9B4AE00B93F13 /* SystemConfiguration.framework in Frameworks */,
				12D7E7CA1AD9B41F00B93F13 /* QuartzCore.framework in Frameworks */,
				12D7E7C81AD9B41800B93F13 /* OpenGLES.framework in Frameworks */,
				12D7E7C61AD9B40B00B93F13 /* libz.dylib in Frameworks */,
				12D7E7C41AD9B40300B93F13 /* libicucore.dylib in Frameworks */,
				12D7E7C21AD9B3F800B93F13 /* libc++.dylib in Frameworks */,
				12D7E7C01AD9B3E500B93F13 /* ImageIO.framework in Frameworks */,
				12D7E7BE1AD9B3DE00B93F13 /* GLKit.framework in Frameworks */,
				12D7E7BC1AD9B3D700B93F13 /* CoreText.framework in Frameworks */,
				12D7E7BA1AD9B3C800B93F13 /* CoreLocation.framework in Frameworks */,
				12D7E7B81AD9B3C200B93F13 /* CoreData.framework in Frameworks */,
				12D7E7B61AD9B3BB00B93F13 /* AVFoundation.framework in Frameworks */,
			);
			runOnlyForDeploymentPostprocessing = 0;
		};
		CCE740351A9FE8ED007374C4 /* Frameworks */ = {
			isa = PBXFrameworksBuildPhase;
			buildActionMask = 2147483647;
			files = (
			);
			runOnlyForDeploymentPostprocessing = 0;
		};
/* End PBXFrameworksBuildPhase section */

/* Begin PBXGroup section */
		122A03F51ACA27840086A2E4 /* Models */ = {
			isa = PBXGroup;
			children = (
				122A03F61ACA27AC0086A2E4 /* Family.h */,
				122A03F71ACA27AC0086A2E4 /* Family.m */,
				205121C61AD0E5AE00D2FCD3 /* Gender.h */,
				205121C71AD0E5AE00D2FCD3 /* Gender.m */,
				12ED243C1AE1B5770058B003 /* Specie.h */,
				12ED243D1AE1B5770058B003 /* Specie.m */,
				1269E1BD1AE1E3C8008A4002 /* Plant.h */,
				1269E1BE1AE1E3C8008A4002 /* Plant.m */,
			);
			name = Models;
			sourceTree = "<group>";
		};
		12559FC51AEC379300B94507 /* Views */ = {
			isa = PBXGroup;
			children = (
				12559FCB1AEC383C00B94507 /* GUI Catalogo de plantas-Bridging-Header.h */,
				12559FC91AEC37F800B94507 /* Dot.swift */,
			);
			name = Views;
			sourceTree = "<group>";
		};
		12D7E7CD1AD9B52F00B93F13 /* Frameworks */ = {
			isa = PBXGroup;
			children = (
				9BDE01D71ADDB85800EEA7AE /* GoogleMaps.bundle */,
				9BDE01D51ADDB7FE00EEA7AE /* GoogleMaps.framework */,
				12D7E7CB1AD9B4AE00B93F13 /* SystemConfiguration.framework */,
				12D7E7C91AD9B41F00B93F13 /* QuartzCore.framework */,
				12D7E7C71AD9B41800B93F13 /* OpenGLES.framework */,
				12D7E7C51AD9B40B00B93F13 /* libz.dylib */,
				12D7E7C31AD9B40300B93F13 /* libicucore.dylib */,
				12D7E7C11AD9B3F800B93F13 /* libc++.dylib */,
				12D7E7BF1AD9B3E500B93F13 /* ImageIO.framework */,
				12D7E7BD1AD9B3DE00B93F13 /* GLKit.framework */,
				12D7E7BB1AD9B3D700B93F13 /* CoreText.framework */,
				12D7E7B91AD9B3C800B93F13 /* CoreLocation.framework */,
				12D7E7B71AD9B3C200B93F13 /* CoreData.framework */,
				12D7E7B51AD9B3BB00B93F13 /* AVFoundation.framework */,
			);
			name = Frameworks;
			sourceTree = "<group>";
		};
		12DA4B811ADC7E60006DFD91 /* AFNetworking */ = {
			isa = PBXGroup;
			children = (
				12DA4B821ADC7E60006DFD91 /* AFHTTPRequestOperation.h */,
				12DA4B831ADC7E60006DFD91 /* AFHTTPRequestOperation.m */,
				12DA4B841ADC7E60006DFD91 /* AFHTTPRequestOperationManager.h */,
				12DA4B851ADC7E60006DFD91 /* AFHTTPRequestOperationManager.m */,
				12DA4B861ADC7E60006DFD91 /* AFHTTPSessionManager.h */,
				12DA4B871ADC7E60006DFD91 /* AFHTTPSessionManager.m */,
				12DA4B881ADC7E60006DFD91 /* AFNetworking.h */,
				12DA4B891ADC7E60006DFD91 /* AFNetworkReachabilityManager.h */,
				12DA4B8A1ADC7E60006DFD91 /* AFNetworkReachabilityManager.m */,
				12DA4B8B1ADC7E60006DFD91 /* AFSecurityPolicy.h */,
				12DA4B8C1ADC7E60006DFD91 /* AFSecurityPolicy.m */,
				12DA4B8D1ADC7E60006DFD91 /* AFURLConnectionOperation.h */,
				12DA4B8E1ADC7E60006DFD91 /* AFURLConnectionOperation.m */,
				12DA4B8F1ADC7E60006DFD91 /* AFURLRequestSerialization.h */,
				12DA4B901ADC7E60006DFD91 /* AFURLRequestSerialization.m */,
				12DA4B911ADC7E60006DFD91 /* AFURLResponseSerialization.h */,
				12DA4B921ADC7E60006DFD91 /* AFURLResponseSerialization.m */,
				12DA4B931ADC7E60006DFD91 /* AFURLSessionManager.h */,
				12DA4B941ADC7E60006DFD91 /* AFURLSessionManager.m */,
			);
			path = AFNetworking;
			sourceTree = "<group>";
		};
		12DA4B951ADC7E60006DFD91 /* UIKit+AFNetworking */ = {
			isa = PBXGroup;
			children = (
				12DA4B961ADC7E60006DFD91 /* AFNetworkActivityIndicatorManager.h */,
				12DA4B971ADC7E60006DFD91 /* AFNetworkActivityIndicatorManager.m */,
				12DA4B981ADC7E60006DFD91 /* UIActivityIndicatorView+AFNetworking.h */,
				12DA4B991ADC7E60006DFD91 /* UIActivityIndicatorView+AFNetworking.m */,
				12DA4B9A1ADC7E60006DFD91 /* UIAlertView+AFNetworking.h */,
				12DA4B9B1ADC7E60006DFD91 /* UIAlertView+AFNetworking.m */,
				12DA4B9C1ADC7E60006DFD91 /* UIButton+AFNetworking.h */,
				12DA4B9D1ADC7E60006DFD91 /* UIButton+AFNetworking.m */,
				12DA4B9E1ADC7E60006DFD91 /* UIImageView+AFNetworking.h */,
				12DA4B9F1ADC7E60006DFD91 /* UIImageView+AFNetworking.m */,
				12DA4BA01ADC7E60006DFD91 /* UIKit+AFNetworking.h */,
				12DA4BA11ADC7E60006DFD91 /* UIProgressView+AFNetworking.h */,
				12DA4BA21ADC7E60006DFD91 /* UIProgressView+AFNetworking.m */,
				12DA4BA31ADC7E60006DFD91 /* UIRefreshControl+AFNetworking.h */,
				12DA4BA41ADC7E60006DFD91 /* UIRefreshControl+AFNetworking.m */,
				12DA4BA51ADC7E60006DFD91 /* UIWebView+AFNetworking.h */,
				12DA4BA61ADC7E60006DFD91 /* UIWebView+AFNetworking.m */,
			);
			path = "UIKit+AFNetworking";
			sourceTree = "<group>";
		};
		CCE740161A9FE8EC007374C4 = {
			isa = PBXGroup;
			children = (
				12D7E7CD1AD9B52F00B93F13 /* Frameworks */,
				CCE740211A9FE8EC007374C4 /* GUI Catalogo de plantas */,
				CCE7403B1A9FE8ED007374C4 /* GUI Catalogo de plantasTests */,
				CCE740201A9FE8EC007374C4 /* Products */,
			);
			sourceTree = "<group>";
		};
		CCE740201A9FE8EC007374C4 /* Products */ = {
			isa = PBXGroup;
			children = (
				CCE7401F1A9FE8EC007374C4 /* GUI Catalogo de plantas.app */,
				CCE740381A9FE8ED007374C4 /* GUI Catalogo de plantasTests.xctest */,
			);
			name = Products;
			sourceTree = "<group>";
		};
		CCE740211A9FE8EC007374C4 /* GUI Catalogo de plantas */ = {
			isa = PBXGroup;
			children = (
				12559FC51AEC379300B94507 /* Views */,
				12DA4B811ADC7E60006DFD91 /* AFNetworking */,
				12DA4B951ADC7E60006DFD91 /* UIKit+AFNetworking */,
				122A03F51ACA27840086A2E4 /* Models */,
				CCE740261A9FE8ED007374C4 /* AppDelegate.h */,
				1269E1BA1AE1E27E008A4002 /* PlantViewController.h */,
				1269E1BB1AE1E27E008A4002 /* PlantViewController.m */,
				1269E1B71AE1DCEB008A4002 /* HeaderClass.h */,
				1269E1B81AE1DCEB008A4002 /* HeaderClass.m */,
				CCE740271A9FE8ED007374C4 /* AppDelegate.m */,
				1269E1B41AE1D049008A4002 /* Cell.h */,
				1269E1B51AE1D049008A4002 /* Cell.m */,
				203908071AD1DF59009E87EF /* SpeciesViewController.h */,
				203908081AD1DF59009E87EF /* SpeciesViewController.m */,
				CCE740291A9FE8ED007374C4 /* ViewController.h */,
				202DF9341ACBA265002FABB4 /* GendersViewController.h */,
				202DF9351ACBA265002FABB4 /* GendersViewController.m */,
				2036FF081AF6B383003CD1EE /* DetailPhotoViewController.h */,
				2036FF091AF6B384003CD1EE /* DetailPhotoViewController.m */,
				12677ECB1AFD73F500211445 /* DetailPhotoTableViewCell.h */,
				12677ECC1AFD73F500211445 /* DetailPhotoTableViewCell.m */,
				CCE7402A1A9FE8ED007374C4 /* ViewController.m */,
				12559FCC1AEC392800B94507 /* PhotoViewController.swift */,
				12559FCD1AEC392800B94507 /* SetupViewController.swift */,
				CCE7402C1A9FE8ED007374C4 /* Main.storyboard */,
				CCE7402F1A9FE8ED007374C4 /* Images.xcassets */,
				CCE740311A9FE8ED007374C4 /* LaunchScreen.xib */,
				CCE740221A9FE8ED007374C4 /* Supporting Files */,
				122A03F21ACA220F0086A2E4 /* FamiliesViewController.h */,
				122A03F31ACA220F0086A2E4 /* FamiliesViewController.m */,
				12E00B501AF0549F00CA66AE /* CustomInfoWindow.h */,
				12E00B511AF0549F00CA66AE /* CustomInfoWindow.m */,
				12E00B4B1AF0511200CA66AE /* InfoWindow.xib */,
				12D7E7CE1AD9B5C100B93F13 /* CampusMapViewController.h */,
				12D7E7CF1AD9B5C100B93F13 /* CampusMapViewController.m */,
				204B4B0C1AEDC9B500218B32 /* SearchMapTableViewController.h */,
				204B4B0D1AEDC9B600218B32 /* SearchMapTableViewController.m */,
			);
			path = "GUI Catalogo de plantas";
			sourceTree = "<group>";
		};
		CCE740221A9FE8ED007374C4 /* Supporting Files */ = {
			isa = PBXGroup;
			children = (
				CCE740231A9FE8ED007374C4 /* Info.plist */,
				CCE740241A9FE8ED007374C4 /* main.m */,
			);
			name = "Supporting Files";
			sourceTree = "<group>";
		};
		CCE7403B1A9FE8ED007374C4 /* GUI Catalogo de plantasTests */ = {
			isa = PBXGroup;
			children = (
				CCE7403E1A9FE8ED007374C4 /* GUI_Catalogo_de_plantasTests.m */,
				CCE7403C1A9FE8ED007374C4 /* Supporting Files */,
			);
			path = "GUI Catalogo de plantasTests";
			sourceTree = "<group>";
		};
		CCE7403C1A9FE8ED007374C4 /* Supporting Files */ = {
			isa = PBXGroup;
			children = (
				CCE7403D1A9FE8ED007374C4 /* Info.plist */,
			);
			name = "Supporting Files";
			sourceTree = "<group>";
		};
/* End PBXGroup section */

/* Begin PBXNativeTarget section */
		CCE7401E1A9FE8EC007374C4 /* GUI Catalogo de plantas */ = {
			isa = PBXNativeTarget;
			buildConfigurationList = CCE740421A9FE8ED007374C4 /* Build configuration list for PBXNativeTarget "GUI Catalogo de plantas" */;
			buildPhases = (
				CCE7401B1A9FE8EC007374C4 /* Sources */,
				CCE7401C1A9FE8EC007374C4 /* Frameworks */,
				CCE7401D1A9FE8EC007374C4 /* Resources */,
			);
			buildRules = (
			);
			dependencies = (
			);
			name = "GUI Catalogo de plantas";
			productName = "GUI Catalogo de plantas";
			productReference = CCE7401F1A9FE8EC007374C4 /* GUI Catalogo de plantas.app */;
			productType = "com.apple.product-type.application";
		};
		CCE740371A9FE8ED007374C4 /* GUI Catalogo de plantasTests */ = {
			isa = PBXNativeTarget;
			buildConfigurationList = CCE740451A9FE8ED007374C4 /* Build configuration list for PBXNativeTarget "GUI Catalogo de plantasTests" */;
			buildPhases = (
				CCE740341A9FE8ED007374C4 /* Sources */,
				CCE740351A9FE8ED007374C4 /* Frameworks */,
				CCE740361A9FE8ED007374C4 /* Resources */,
			);
			buildRules = (
			);
			dependencies = (
				CCE7403A1A9FE8ED007374C4 /* PBXTargetDependency */,
			);
			name = "GUI Catalogo de plantasTests";
			productName = "GUI Catalogo de plantasTests";
			productReference = CCE740381A9FE8ED007374C4 /* GUI Catalogo de plantasTests.xctest */;
			productType = "com.apple.product-type.bundle.unit-test";
		};
/* End PBXNativeTarget section */

/* Begin PBXProject section */
		CCE740171A9FE8EC007374C4 /* Project object */ = {
			isa = PBXProject;
			attributes = {
				LastUpgradeCheck = 0610;
				ORGANIZATIONNAME = "Gustavo Villar";
				TargetAttributes = {
					CCE7401E1A9FE8EC007374C4 = {
						CreatedOnToolsVersion = 6.1.1;
					};
					CCE740371A9FE8ED007374C4 = {
						CreatedOnToolsVersion = 6.1.1;
						TestTargetID = CCE7401E1A9FE8EC007374C4;
					};
				};
			};
			buildConfigurationList = CCE7401A1A9FE8EC007374C4 /* Build configuration list for PBXProject "GUI Catalogo de plantas" */;
			compatibilityVersion = "Xcode 3.2";
			developmentRegion = English;
			hasScannedForEncodings = 0;
			knownRegions = (
				en,
				Base,
			);
			mainGroup = CCE740161A9FE8EC007374C4;
			productRefGroup = CCE740201A9FE8EC007374C4 /* Products */;
			projectDirPath = "";
			projectRoot = "";
			targets = (
				CCE7401E1A9FE8EC007374C4 /* GUI Catalogo de plantas */,
				CCE740371A9FE8ED007374C4 /* GUI Catalogo de plantasTests */,
			);
		};
/* End PBXProject section */

/* Begin PBXResourcesBuildPhase section */
		CCE7401D1A9FE8EC007374C4 /* Resources */ = {
			isa = PBXResourcesBuildPhase;
			buildActionMask = 2147483647;
			files = (
				CCE7402E1A9FE8ED007374C4 /* Main.storyboard in Resources */,
				12E00B4C1AF0511200CA66AE /* InfoWindow.xib in Resources */,
				CCE740331A9FE8ED007374C4 /* LaunchScreen.xib in Resources */,
				CCE740301A9FE8ED007374C4 /* Images.xcassets in Resources */,
				9BDE01D81ADDB85800EEA7AE /* GoogleMaps.bundle in Resources */,
			);
			runOnlyForDeploymentPostprocessing = 0;
		};
		CCE740361A9FE8ED007374C4 /* Resources */ = {
			isa = PBXResourcesBuildPhase;
			buildActionMask = 2147483647;
			files = (
			);
			runOnlyForDeploymentPostprocessing = 0;
		};
/* End PBXResourcesBuildPhase section */

/* Begin PBXSourcesBuildPhase section */
		CCE7401B1A9FE8EC007374C4 /* Sources */ = {
			isa = PBXSourcesBuildPhase;
			buildActionMask = 2147483647;
			files = (
				12E00B521AF0549F00CA66AE /* CustomInfoWindow.m in Sources */,
				12DA4BAB1ADC7E60006DFD91 /* AFSecurityPolicy.m in Sources */,
				205121C81AD0E5AE00D2FCD3 /* Gender.m in Sources */,
				12DA4BAA1ADC7E60006DFD91 /* AFNetworkReachabilityManager.m in Sources */,
				204B4B0E1AEDC9B600218B32 /* SearchMapTableViewController.m in Sources */,
				12D7E7D31AD9BC3200B93F13 /* CampusMapViewController.m in Sources */,
				12DA4BB01ADC7E60006DFD91 /* AFNetworkActivityIndicatorManager.m in Sources */,
				12DA4BB41ADC7E60006DFD91 /* UIImageView+AFNetworking.m in Sources */,
				12DA4BAC1ADC7E60006DFD91 /* AFURLConnectionOperation.m in Sources */,
				12DA4BB11ADC7E60006DFD91 /* UIActivityIndicatorView+AFNetworking.m in Sources */,
				12DA4BB71ADC7E60006DFD91 /* UIWebView+AFNetworking.m in Sources */,
				12DA4BA71ADC7E60006DFD91 /* AFHTTPRequestOperation.m in Sources */,
				12559FCF1AEC392800B94507 /* SetupViewController.swift in Sources */,
				12DA4BA91ADC7E60006DFD91 /* AFHTTPSessionManager.m in Sources */,
				12559FCA1AEC37F800B94507 /* Dot.swift in Sources */,
				1269E1BF1AE1E3C8008A4002 /* Plant.m in Sources */,
				12DA4BB21ADC7E60006DFD91 /* UIAlertView+AFNetworking.m in Sources */,
				12DA4BAD1ADC7E60006DFD91 /* AFURLRequestSerialization.m in Sources */,
				1269E1B61AE1D049008A4002 /* Cell.m in Sources */,
				122A03F41ACA220F0086A2E4 /* FamiliesViewController.m in Sources */,
				2036FF0A1AF6B384003CD1EE /* DetailPhotoViewController.m in Sources */,
				12DA4BAF1ADC7E60006DFD91 /* AFURLSessionManager.m in Sources */,
				CCE7402B1A9FE8ED007374C4 /* ViewController.m in Sources */,
				12DA4BA81ADC7E60006DFD91 /* AFHTTPRequestOperationManager.m in Sources */,
				12DA4BB51ADC7E60006DFD91 /* UIProgressView+AFNetworking.m in Sources */,
				12ED243E1AE1B5770058B003 /* Specie.m in Sources */,
				1269E1BC1AE1E27E008A4002 /* PlantViewController.m in Sources */,
				122A03F81ACA27AC0086A2E4 /* Family.m in Sources */,
				12DA4BB31ADC7E60006DFD91 /* UIButton+AFNetworking.m in Sources */,
				12DA4BAE1ADC7E60006DFD91 /* AFURLResponseSerialization.m in Sources */,
				202DF9361ACBA265002FABB4 /* GendersViewController.m in Sources */,
				12677ECD1AFD73F500211445 /* DetailPhotoTableViewCell.m in Sources */,
				203908091AD1DF59009E87EF /* SpeciesViewController.m in Sources */,
				1269E1B91AE1DCEB008A4002 /* HeaderClass.m in Sources */,
				12DA4BB61ADC7E60006DFD91 /* UIRefreshControl+AFNetworking.m in Sources */,
				CCE740281A9FE8ED007374C4 /* AppDelegate.m in Sources */,
				CCE740251A9FE8ED007374C4 /* main.m in Sources */,
				12559FCE1AEC392800B94507 /* PhotoViewController.swift in Sources */,
			);
			runOnlyForDeploymentPostprocessing = 0;
		};
		CCE740341A9FE8ED007374C4 /* Sources */ = {
			isa = PBXSourcesBuildPhase;
			buildActionMask = 2147483647;
			files = (
				CCE7403F1A9FE8ED007374C4 /* GUI_Catalogo_de_plantasTests.m in Sources */,
			);
			runOnlyForDeploymentPostprocessing = 0;
		};
/* End PBXSourcesBuildPhase section */

/* Begin PBXTargetDependency section */
		CCE7403A1A9FE8ED007374C4 /* PBXTargetDependency */ = {
			isa = PBXTargetDependency;
			target = CCE7401E1A9FE8EC007374C4 /* GUI Catalogo de plantas */;
			targetProxy = CCE740391A9FE8ED007374C4 /* PBXContainerItemProxy */;
		};
/* End PBXTargetDependency section */

/* Begin PBXVariantGroup section */
		CCE7402C1A9FE8ED007374C4 /* Main.storyboard */ = {
			isa = PBXVariantGroup;
			children = (
				CCE7402D1A9FE8ED007374C4 /* Base */,
			);
			name = Main.storyboard;
			sourceTree = "<group>";
		};
		CCE740311A9FE8ED007374C4 /* LaunchScreen.xib */ = {
			isa = PBXVariantGroup;
			children = (
				CCE740321A9FE8ED007374C4 /* Base */,
			);
			name = LaunchScreen.xib;
			sourceTree = "<group>";
		};
/* End PBXVariantGroup section */

/* Begin XCBuildConfiguration section */
		CCE740401A9FE8ED007374C4 /* Debug */ = {
			isa = XCBuildConfiguration;
			buildSettings = {
				ALWAYS_SEARCH_USER_PATHS = NO;
				CLANG_CXX_LANGUAGE_STANDARD = "gnu++0x";
				CLANG_CXX_LIBRARY = "libc++";
				CLANG_ENABLE_MODULES = YES;
				CLANG_ENABLE_OBJC_ARC = YES;
				CLANG_WARN_BOOL_CONVERSION = YES;
				CLANG_WARN_CONSTANT_CONVERSION = YES;
				CLANG_WARN_DIRECT_OBJC_ISA_USAGE = YES_ERROR;
				CLANG_WARN_EMPTY_BODY = YES;
				CLANG_WARN_ENUM_CONVERSION = YES;
				CLANG_WARN_INT_CONVERSION = YES;
				CLANG_WARN_OBJC_ROOT_CLASS = YES_ERROR;
				CLANG_WARN_UNREACHABLE_CODE = YES;
				CLANG_WARN__DUPLICATE_METHOD_MATCH = YES;
				"CODE_SIGN_IDENTITY[sdk=iphoneos*]" = "iPhone Developer";
				COPY_PHASE_STRIP = NO;
				ENABLE_STRICT_OBJC_MSGSEND = YES;
				GCC_C_LANGUAGE_STANDARD = gnu99;
				GCC_DYNAMIC_NO_PIC = NO;
				GCC_OPTIMIZATION_LEVEL = 0;
				GCC_PREPROCESSOR_DEFINITIONS = (
					"DEBUG=1",
					"$(inherited)",
				);
				GCC_SYMBOLS_PRIVATE_EXTERN = NO;
				GCC_WARN_64_TO_32_BIT_CONVERSION = YES;
				GCC_WARN_ABOUT_RETURN_TYPE = YES_ERROR;
				GCC_WARN_UNDECLARED_SELECTOR = YES;
				GCC_WARN_UNINITIALIZED_AUTOS = YES_AGGRESSIVE;
				GCC_WARN_UNUSED_FUNCTION = YES;
				GCC_WARN_UNUSED_VARIABLE = YES;
				IPHONEOS_DEPLOYMENT_TARGET = 8.1;
				MTL_ENABLE_DEBUG_INFO = YES;
				ONLY_ACTIVE_ARCH = YES;
				SDKROOT = iphoneos;
				TARGETED_DEVICE_FAMILY = "1,2";
			};
			name = Debug;
		};
		CCE740411A9FE8ED007374C4 /* Release */ = {
			isa = XCBuildConfiguration;
			buildSettings = {
				ALWAYS_SEARCH_USER_PATHS = NO;
				CLANG_CXX_LANGUAGE_STANDARD = "gnu++0x";
				CLANG_CXX_LIBRARY = "libc++";
				CLANG_ENABLE_MODULES = YES;
				CLANG_ENABLE_OBJC_ARC = YES;
				CLANG_WARN_BOOL_CONVERSION = YES;
				CLANG_WARN_CONSTANT_CONVERSION = YES;
				CLANG_WARN_DIRECT_OBJC_ISA_USAGE = YES_ERROR;
				CLANG_WARN_EMPTY_BODY = YES;
				CLANG_WARN_ENUM_CONVERSION = YES;
				CLANG_WARN_INT_CONVERSION = YES;
				CLANG_WARN_OBJC_ROOT_CLASS = YES_ERROR;
				CLANG_WARN_UNREACHABLE_CODE = YES;
				CLANG_WARN__DUPLICATE_METHOD_MATCH = YES;
				"CODE_SIGN_IDENTITY[sdk=iphoneos*]" = "iPhone Developer";
				COPY_PHASE_STRIP = YES;
				ENABLE_NS_ASSERTIONS = NO;
				ENABLE_STRICT_OBJC_MSGSEND = YES;
				GCC_C_LANGUAGE_STANDARD = gnu99;
				GCC_WARN_64_TO_32_BIT_CONVERSION = YES;
				GCC_WARN_ABOUT_RETURN_TYPE = YES_ERROR;
				GCC_WARN_UNDECLARED_SELECTOR = YES;
				GCC_WARN_UNINITIALIZED_AUTOS = YES_AGGRESSIVE;
				GCC_WARN_UNUSED_FUNCTION = YES;
				GCC_WARN_UNUSED_VARIABLE = YES;
				IPHONEOS_DEPLOYMENT_TARGET = 8.1;
				MTL_ENABLE_DEBUG_INFO = NO;
				SDKROOT = iphoneos;
				TARGETED_DEVICE_FAMILY = "1,2";
				VALIDATE_PRODUCT = YES;
			};
			name = Release;
		};
		CCE740431A9FE8ED007374C4 /* Debug */ = {
			isa = XCBuildConfiguration;
			buildSettings = {
				ASSETCATALOG_COMPILER_APPICON_NAME = AppIcon;
				CLANG_ENABLE_MODULES = YES;
				FRAMEWORK_SEARCH_PATHS = (
					"$(inherited)",
					"$(PROJECT_DIR)/GUI",
					Catalogo,
					de,
					plantas,
					"$(PROJECT_DIR)/GUI",
					Catalogo,
					de,
					plantas,
					"$(PROJECT_DIR)",
				);
				INFOPLIST_FILE = "GUI Catalogo de plantas/Info.plist";
				LD_RUNPATH_SEARCH_PATHS = "$(inherited) @executable_path/Frameworks";
				OTHER_LDFLAGS = "-ObjC";
				PRODUCT_NAME = "$(TARGET_NAME)";
				SWIFT_OBJC_BRIDGING_HEADER = "GUI Catalogo de plantas/GUI Catalogo de plantas-Bridging-Header.h";
				SWIFT_OPTIMIZATION_LEVEL = "-Onone";
			};
			name = Debug;
		};
		CCE740441A9FE8ED007374C4 /* Release */ = {
			isa = XCBuildConfiguration;
			buildSettings = {
				ASSETCATALOG_COMPILER_APPICON_NAME = AppIcon;
				CLANG_ENABLE_MODULES = YES;
				FRAMEWORK_SEARCH_PATHS = (
					"$(inherited)",
					"$(PROJECT_DIR)/GUI",
					Catalogo,
					de,
					plantas,
					"$(PROJECT_DIR)/GUI",
					Catalogo,
					de,
					plantas,
					"$(PROJECT_DIR)",
				);
				INFOPLIST_FILE = "GUI Catalogo de plantas/Info.plist";
				LD_RUNPATH_SEARCH_PATHS = "$(inherited) @executable_path/Frameworks";
				OTHER_LDFLAGS = "-ObjC";
				PRODUCT_NAME = "$(TARGET_NAME)";
				SWIFT_OBJC_BRIDGING_HEADER = "GUI Catalogo de plantas/GUI Catalogo de plantas-Bridging-Header.h";
			};
			name = Release;
		};
		CCE740461A9FE8ED007374C4 /* Debug */ = {
			isa = XCBuildConfiguration;
			buildSettings = {
				BUNDLE_LOADER = "$(TEST_HOST)";
				FRAMEWORK_SEARCH_PATHS = (
					"$(SDKROOT)/Developer/Library/Frameworks",
					"$(inherited)",
				);
				GCC_PREPROCESSOR_DEFINITIONS = (
					"DEBUG=1",
					"$(inherited)",
				);
				INFOPLIST_FILE = "GUI Catalogo de plantasTests/Info.plist";
				LD_RUNPATH_SEARCH_PATHS = "$(inherited) @executable_path/Frameworks @loader_path/Frameworks";
				PRODUCT_NAME = "$(TARGET_NAME)";
				TEST_HOST = "$(BUILT_PRODUCTS_DIR)/GUI Catalogo de plantas.app/GUI Catalogo de plantas";
			};
			name = Debug;
		};
		CCE740471A9FE8ED007374C4 /* Release */ = {
			isa = XCBuildConfiguration;
			buildSettings = {
				BUNDLE_LOADER = "$(TEST_HOST)";
				FRAMEWORK_SEARCH_PATHS = (
					"$(SDKROOT)/Developer/Library/Frameworks",
					"$(inherited)",
				);
				INFOPLIST_FILE = "GUI Catalogo de plantasTests/Info.plist";
				LD_RUNPATH_SEARCH_PATHS = "$(inherited) @executable_path/Frameworks @loader_path/Frameworks";
				PRODUCT_NAME = "$(TARGET_NAME)";
				TEST_HOST = "$(BUILT_PRODUCTS_DIR)/GUI Catalogo de plantas.app/GUI Catalogo de plantas";
			};
			name = Release;
		};
/* End XCBuildConfiguration section */

/* Begin XCConfigurationList section */
		CCE7401A1A9FE8EC007374C4 /* Build configuration list for PBXProject "GUI Catalogo de plantas" */ = {
			isa = XCConfigurationList;
			buildConfigurations = (
				CCE740401A9FE8ED007374C4 /* Debug */,
				CCE740411A9FE8ED007374C4 /* Release */,
			);
			defaultConfigurationIsVisible = 0;
			defaultConfigurationName = Release;
		};
		CCE740421A9FE8ED007374C4 /* Build configuration list for PBXNativeTarget "GUI Catalogo de plantas" */ = {
			isa = XCConfigurationList;
			buildConfigurations = (
				CCE740431A9FE8ED007374C4 /* Debug */,
				CCE740441A9FE8ED007374C4 /* Release */,
			);
			defaultConfigurationIsVisible = 0;
			defaultConfigurationName = Release;
		};
		CCE740451A9FE8ED007374C4 /* Build configuration list for PBXNativeTarget "GUI Catalogo de plantasTests" */ = {
			isa = XCConfigurationList;
			buildConfigurations = (
				CCE740461A9FE8ED007374C4 /* Debug */,
				CCE740471A9FE8ED007374C4 /* Release */,
			);
			defaultConfigurationIsVisible = 0;
			defaultConfigurationName = Release;
		};
/* End XCConfigurationList section */
	};
	rootObject = CCE740171A9FE8EC007374C4 /* Project object */;
}
